
Microsoft Visual Studio Solution File, Format Version 12.00
# Visual Studio 14
VisualStudioVersion = 14.0.25123.0
MinimumVisualStudioVersion = 10.0.40219.1
Project("{2150E333-8FDC-42A3-9474-1A3956D46DE8}") = "Solution Items", "Solution Items", "{BBDB1089-7244-40DF-B770-C849DC51932B}"
EndProject
Project("{FAE04EC0-301F-11D3-BF4B-00C04F79EFBC}") = "Common", "..\Common\Common.csproj", "{A9B4633D-E361-440B-A7F9-3281911E4D61}"
EndProject
Project("{FAE04EC0-301F-11D3-BF4B-00C04F79EFBC}") = "NeuroServer", "NeuroServer\NeuroServer.csproj", "{7118B352-9A59-4B65-84FC-BB3484A215EB}"
EndProject
Project("{FAE04EC0-301F-11D3-BF4B-00C04F79EFBC}") = "NeuroEngine", "NeuroEngine\NeuroEngine.csproj", "{A863A162-5DEB-4AB1-B13C-5B1EBAFDC52C}"
EndProject
Project("{FAE04EC0-301F-11D3-BF4B-00C04F79EFBC}") = "Tests", "Tests\Tests.csproj", "{8B13FBCF-372D-43E9-BC2E-3819CB568E1D}"
EndProject
Project("{FAE04EC0-301F-11D3-BF4B-00C04F79EFBC}") = "Networking", "Networking\Networking.csproj", "{A310FAD7-88A8-4463-A3B1-DE2CDF903793}"
EndProject
Global
	GlobalSection(SolutionConfigurationPlatforms) = preSolution
		Debug|Any CPU = Debug|Any CPU
		Release|Any CPU = Release|Any CPU
	EndGlobalSection
	GlobalSection(ProjectConfigurationPlatforms) = postSolution
		{A9B4633D-E361-440B-A7F9-3281911E4D61}.Debug|Any CPU.ActiveCfg = Debug|Any CPU
		{A9B4633D-E361-440B-A7F9-3281911E4D61}.Debug|Any CPU.Build.0 = Debug|Any CPU
		{A9B4633D-E361-440B-A7F9-3281911E4D61}.Release|Any CPU.ActiveCfg = Release|Any CPU
		{A9B4633D-E361-440B-A7F9-3281911E4D61}.Release|Any CPU.Build.0 = Release|Any CPU
		{7118B352-9A59-4B65-84FC-BB3484A215EB}.Debug|Any CPU.ActiveCfg = Debug|Any CPU
		{7118B352-9A59-4B65-84FC-BB3484A215EB}.Debug|Any CPU.Build.0 = Debug|Any CPU
		{7118B352-9A59-4B65-84FC-BB3484A215EB}.Release|Any CPU.ActiveCfg = Release|Any CPU
		{7118B352-9A59-4B65-84FC-BB3484A215EB}.Release|Any CPU.Build.0 = Release|Any CPU
		{A863A162-5DEB-4AB1-B13C-5B1EBAFDC52C}.Debug|Any CPU.ActiveCfg = Debug|Any CPU
		{A863A162-5DEB-4AB1-B13C-5B1EBAFDC52C}.Debug|Any CPU.Build.0 = Debug|Any CPU
		{A863A162-5DEB-4AB1-B13C-5B1EBAFDC52C}.Release|Any CPU.ActiveCfg = Release|Any CPU
		{A863A162-5DEB-4AB1-B13C-5B1EBAFDC52C}.Release|Any CPU.Build.0 = Release|Any CPU
		{8B13FBCF-372D-43E9-BC2E-3819CB568E1D}.Debug|Any CPU.ActiveCfg = Debug|Any CPU
		{8B13FBCF-372D-43E9-BC2E-3819CB568E1D}.Debug|Any CPU.Build.0 = Debug|Any CPU
		{8B13FBCF-372D-43E9-BC2E-3819CB568E1D}.Release|Any CPU.ActiveCfg = Release|Any CPU
		{8B13FBCF-372D-43E9-BC2E-3819CB568E1D}.Release|Any CPU.Build.0 = Release|Any CPU
		{A310FAD7-88A8-4463-A3B1-DE2CDF903793}.Debug|Any CPU.ActiveCfg = Debug|Any CPU
		{A310FAD7-88A8-4463-A3B1-DE2CDF903793}.Debug|Any CPU.Build.0 = Debug|Any CPU
		{A310FAD7-88A8-4463-A3B1-DE2CDF903793}.Release|Any CPU.ActiveCfg = Release|Any CPU
		{A310FAD7-88A8-4463-A3B1-DE2CDF903793}.Release|Any CPU.Build.0 = Release|Any CPU
	EndGlobalSection
	GlobalSection(SolutionProperties) = preSolution
		HideSolutionNode = FALSE
	EndGlobalSection
EndGlobal
